
Microsoft Visual Studio Solution File, Format Version 12.00
# Visual Studio Version 16
VisualStudioVersion = 16.0.29905.134
MinimumVisualStudioVersion = 10.0.40219.1
Project("{9A19103F-16F7-4668-BE54-9A1E7A4F7556}") = "Api", "Api\Api.csproj", "{F9BC6E45-5EB8-404D-90F3-1C88A15ECF4C}"
EndProject
Project("{9A19103F-16F7-4668-BE54-9A1E7A4F7556}") = "ProcessManager", "ProcessManager\ProcessManager.csproj", "{5368467E-0432-410B-B4E3-3AC59EBEB8FC}"
EndProject
Project("{9A19103F-16F7-4668-BE54-9A1E7A4F7556}") = "Messages", "Messages\Messages.csproj", "{E4700897-3C9B-43FC-ACA0-BA21EA44AB55}"
EndProject
Project("{2150E333-8FDC-42A3-9474-1A3956D46DE8}") = "Workers", "Workers", "{5C8F1ECD-104A-454E-800E-AB5A3C094F6F}"
EndProject
Project("{9A19103F-16F7-4668-BE54-9A1E7A4F7556}") = "ExternalImageProcessor", "ExternalImageProcessor\ExternalImageProcessor.csproj", "{DFE2AF08-E9A5-4774-B1FE-20F878D2ACB4}"
EndProject
Project("{9A19103F-16F7-4668-BE54-9A1E7A4F7556}") = "EstimationProcessor", "EstimationProcessor\EstimationProcessor.csproj", "{2B705148-9539-411C-8CA8-94751F27484B}"
EndProject
Project("{9A19103F-16F7-4668-BE54-9A1E7A4F7556}") = "CallbackNotifier", "CallbackNotifier\CallbackNotifier.csproj", "{134F4075-0823-4B38-AFF8-7C970B074227}"
EndProject
Project("{9A19103F-16F7-4668-BE54-9A1E7A4F7556}") = "ImageDownloads", "ImageDownloads\ImageDownloads.csproj", "{9EA7028A-117B-41C4-AB50-765883B31E46}"
EndProject
Project("{9A19103F-16F7-4668-BE54-9A1E7A4F7556}") = "Shared", "Shared\Shared.csproj", "{D014F52E-8539-4BCF-8D53-2B3EB140BDDC}"
EndProject
Project("{2150E333-8FDC-42A3-9474-1A3956D46DE8}") = "Common", "Common", "{2985DF15-3650-44FE-8FC9-888398FCB660}"
EndProject
Project("{2150E333-8FDC-42A3-9474-1A3956D46DE8}") = "External", "External", "{E8F829FC-A46A-4663-8C10-1C540C042C64}"
EndProject
Project("{9A19103F-16F7-4668-BE54-9A1E7A4F7556}") = "Images", "Images\Images.csproj", "{40630212-A489-45F1-92A5-77CA11FDCDEF}"
EndProject
Project("{9A19103F-16F7-4668-BE54-9A1E7A4F7556}") = "ImageProcess", "ImageProcess\ImageProcess.csproj", "{BF9C3F14-5B4B-4977-8CA0-94120D3D8BBE}"
EndProject
Project("{9A19103F-16F7-4668-BE54-9A1E7A4F7556}") = "Estimations", "Estimations\Estimations.csproj", "{C3A71797-5ABA-4872-A86D-1715B1017BBA}"
EndProject
Project("{9A19103F-16F7-4668-BE54-9A1E7A4F7556}") = "Notifications", "Notifications\Notifications.csproj", "{6DB347F0-3A5D-45D6-823A-91E424C3C42F}"
EndProject
Project("{FAE04EC0-301F-11D3-BF4B-00C04F79EFBC}") = "StateHolder", "StateHolder\StateHolder.csproj", "{A7A579F7-7AC8-41BE-B1E6-E75203690CFA}"
EndProject
Global
	GlobalSection(SolutionConfigurationPlatforms) = preSolution
		Debug|Any CPU = Debug|Any CPU
		Release|Any CPU = Release|Any CPU
	EndGlobalSection
	GlobalSection(ProjectConfigurationPlatforms) = postSolution
		{F9BC6E45-5EB8-404D-90F3-1C88A15ECF4C}.Debug|Any CPU.ActiveCfg = Debug|Any CPU
		{F9BC6E45-5EB8-404D-90F3-1C88A15ECF4C}.Debug|Any CPU.Build.0 = Debug|Any CPU
		{F9BC6E45-5EB8-404D-90F3-1C88A15ECF4C}.Release|Any CPU.ActiveCfg = Release|Any CPU
		{F9BC6E45-5EB8-404D-90F3-1C88A15ECF4C}.Release|Any CPU.Build.0 = Release|Any CPU
		{5368467E-0432-410B-B4E3-3AC59EBEB8FC}.Debug|Any CPU.ActiveCfg = Debug|Any CPU
		{5368467E-0432-410B-B4E3-3AC59EBEB8FC}.Debug|Any CPU.Build.0 = Debug|Any CPU
		{5368467E-0432-410B-B4E3-3AC59EBEB8FC}.Release|Any CPU.ActiveCfg = Release|Any CPU
		{5368467E-0432-410B-B4E3-3AC59EBEB8FC}.Release|Any CPU.Build.0 = Release|Any CPU
		{E4700897-3C9B-43FC-ACA0-BA21EA44AB55}.Debug|Any CPU.ActiveCfg = Debug|Any CPU
		{E4700897-3C9B-43FC-ACA0-BA21EA44AB55}.Debug|Any CPU.Build.0 = Debug|Any CPU
		{E4700897-3C9B-43FC-ACA0-BA21EA44AB55}.Release|Any CPU.ActiveCfg = Release|Any CPU
		{E4700897-3C9B-43FC-ACA0-BA21EA44AB55}.Release|Any CPU.Build.0 = Release|Any CPU
		{DFE2AF08-E9A5-4774-B1FE-20F878D2ACB4}.Debug|Any CPU.ActiveCfg = Debug|Any CPU
		{DFE2AF08-E9A5-4774-B1FE-20F878D2ACB4}.Debug|Any CPU.Build.0 = Debug|Any CPU
		{DFE2AF08-E9A5-4774-B1FE-20F878D2ACB4}.Release|Any CPU.ActiveCfg = Release|Any CPU
		{DFE2AF08-E9A5-4774-B1FE-20F878D2ACB4}.Release|Any CPU.Build.0 = Release|Any CPU
		{2B705148-9539-411C-8CA8-94751F27484B}.Debug|Any CPU.ActiveCfg = Debug|Any CPU
		{2B705148-9539-411C-8CA8-94751F27484B}.Debug|Any CPU.Build.0 = Debug|Any CPU
		{2B705148-9539-411C-8CA8-94751F27484B}.Release|Any CPU.ActiveCfg = Release|Any CPU
		{2B705148-9539-411C-8CA8-94751F27484B}.Release|Any CPU.Build.0 = Release|Any CPU
		{134F4075-0823-4B38-AFF8-7C970B074227}.Debug|Any CPU.ActiveCfg = Debug|Any CPU
		{134F4075-0823-4B38-AFF8-7C970B074227}.Debug|Any CPU.Build.0 = Debug|Any CPU
		{134F4075-0823-4B38-AFF8-7C970B074227}.Release|Any CPU.ActiveCfg = Release|Any CPU
		{134F4075-0823-4B38-AFF8-7C970B074227}.Release|Any CPU.Build.0 = Release|Any CPU
		{9EA7028A-117B-41C4-AB50-765883B31E46}.Debug|Any CPU.ActiveCfg = Debug|Any CPU
		{9EA7028A-117B-41C4-AB50-765883B31E46}.Debug|Any CPU.Build.0 = Debug|Any CPU
		{9EA7028A-117B-41C4-AB50-765883B31E46}.Release|Any CPU.ActiveCfg = Release|Any CPU
		{9EA7028A-117B-41C4-AB50-765883B31E46}.Release|Any CPU.Build.0 = Release|Any CPU
		{D014F52E-8539-4BCF-8D53-2B3EB140BDDC}.Debug|Any CPU.ActiveCfg = Debug|Any CPU
		{D014F52E-8539-4BCF-8D53-2B3EB140BDDC}.Debug|Any CPU.Build.0 = Debug|Any CPU
		{D014F52E-8539-4BCF-8D53-2B3EB140BDDC}.Release|Any CPU.ActiveCfg = Release|Any CPU
		{D014F52E-8539-4BCF-8D53-2B3EB140BDDC}.Release|Any CPU.Build.0 = Release|Any CPU
		{40630212-A489-45F1-92A5-77CA11FDCDEF}.Debug|Any CPU.ActiveCfg = Debug|Any CPU
		{40630212-A489-45F1-92A5-77CA11FDCDEF}.Debug|Any CPU.Build.0 = Debug|Any CPU
		{40630212-A489-45F1-92A5-77CA11FDCDEF}.Release|Any CPU.ActiveCfg = Release|Any CPU
		{40630212-A489-45F1-92A5-77CA11FDCDEF}.Release|Any CPU.Build.0 = Release|Any CPU
		{BF9C3F14-5B4B-4977-8CA0-94120D3D8BBE}.Debug|Any CPU.ActiveCfg = Debug|Any CPU
		{BF9C3F14-5B4B-4977-8CA0-94120D3D8BBE}.Debug|Any CPU.Build.0 = Debug|Any CPU
		{BF9C3F14-5B4B-4977-8CA0-94120D3D8BBE}.Release|Any CPU.ActiveCfg = Release|Any CPU
		{BF9C3F14-5B4B-4977-8CA0-94120D3D8BBE}.Release|Any CPU.Build.0 = Release|Any CPU
		{C3A71797-5ABA-4872-A86D-1715B1017BBA}.Debug|Any CPU.ActiveCfg = Debug|Any CPU
		{C3A71797-5ABA-4872-A86D-1715B1017BBA}.Debug|Any CPU.Build.0 = Debug|Any CPU
		{C3A71797-5ABA-4872-A86D-1715B1017BBA}.Release|Any CPU.ActiveCfg = Release|Any CPU
		{C3A71797-5ABA-4872-A86D-1715B1017BBA}.Release|Any CPU.Build.0 = Release|Any CPU
		{6DB347F0-3A5D-45D6-823A-91E424C3C42F}.Debug|Any CPU.ActiveCfg = Debug|Any CPU
		{6DB347F0-3A5D-45D6-823A-91E424C3C42F}.Debug|Any CPU.Build.0 = Debug|Any CPU
		{6DB347F0-3A5D-45D6-823A-91E424C3C42F}.Release|Any CPU.ActiveCfg = Release|Any CPU
		{6DB347F0-3A5D-45D6-823A-91E424C3C42F}.Release|Any CPU.Build.0 = Release|Any CPU
		{A7A579F7-7AC8-41BE-B1E6-E75203690CFA}.Debug|Any CPU.ActiveCfg = Debug|Any CPU
		{A7A579F7-7AC8-41BE-B1E6-E75203690CFA}.Debug|Any CPU.Build.0 = Debug|Any CPU
		{A7A579F7-7AC8-41BE-B1E6-E75203690CFA}.Release|Any CPU.ActiveCfg = Release|Any CPU
		{A7A579F7-7AC8-41BE-B1E6-E75203690CFA}.Release|Any CPU.Build.0 = Release|Any CPU
	EndGlobalSection
	GlobalSection(SolutionProperties) = preSolution
		HideSolutionNode = FALSE
	EndGlobalSection
	GlobalSection(NestedProjects) = preSolution
		{E4700897-3C9B-43FC-ACA0-BA21EA44AB55} = {2985DF15-3650-44FE-8FC9-888398FCB660}
		{DFE2AF08-E9A5-4774-B1FE-20F878D2ACB4} = {5C8F1ECD-104A-454E-800E-AB5A3C094F6F}
		{2B705148-9539-411C-8CA8-94751F27484B} = {5C8F1ECD-104A-454E-800E-AB5A3C094F6F}
		{134F4075-0823-4B38-AFF8-7C970B074227} = {5C8F1ECD-104A-454E-800E-AB5A3C094F6F}
		{9EA7028A-117B-41C4-AB50-765883B31E46} = {5C8F1ECD-104A-454E-800E-AB5A3C094F6F}
		{D014F52E-8539-4BCF-8D53-2B3EB140BDDC} = {2985DF15-3650-44FE-8FC9-888398FCB660}
		{40630212-A489-45F1-92A5-77CA11FDCDEF} = {E8F829FC-A46A-4663-8C10-1C540C042C64}
		{BF9C3F14-5B4B-4977-8CA0-94120D3D8BBE} = {E8F829FC-A46A-4663-8C10-1C540C042C64}
		{C3A71797-5ABA-4872-A86D-1715B1017BBA} = {E8F829FC-A46A-4663-8C10-1C540C042C64}
		{6DB347F0-3A5D-45D6-823A-91E424C3C42F} = {E8F829FC-A46A-4663-8C10-1C540C042C64}
		{A7A579F7-7AC8-41BE-B1E6-E75203690CFA} = {5C8F1ECD-104A-454E-800E-AB5A3C094F6F}
	EndGlobalSection
	GlobalSection(ExtensibilityGlobals) = postSolution
		SolutionGuid = {3E637FC1-34B5-4350-A7E5-344A1FAACADF}
	EndGlobalSection
EndGlobal
