
Microsoft Visual Studio Solution File, Format Version 12.00
# Visual Studio Version 16
VisualStudioVersion = 16.0.29209.152
MinimumVisualStudioVersion = 10.0.40219.1
Project("{9A19103F-16F7-4668-BE54-9A1E7A4F7556}") = "ApiGateway", "ApiGateway\ApiGateway.csproj", "{0D6B3576-5D44-4D93-B7A7-FD79DF5274AD}"
EndProject
Project("{E53339B2-1760-4266-BCC7-CA923CBCF16C}") = "docker-compose", "docker-compose.dcproj", "{E1184339-014B-48E8-B864-7D6E24524165}"
EndProject
Project("{FAE04EC0-301F-11D3-BF4B-00C04F79EFBC}") = "Shared", "Shared\Shared.csproj", "{AE45AD68-7665-429C-AAA5-A72C4EC3F50E}"
EndProject
Project("{FAE04EC0-301F-11D3-BF4B-00C04F79EFBC}") = "ApiA", "ApiA\ApiA.csproj", "{84389546-625F-41F7-9C3F-89C77FF8A018}"
EndProject
Project("{FAE04EC0-301F-11D3-BF4B-00C04F79EFBC}") = "ApiB", "ApiB\ApiB.csproj", "{86DE07F1-C871-49D2-9F53-02B1E6AE2821}"
EndProject
Global
	GlobalSection(SolutionConfigurationPlatforms) = preSolution
		Debug|Any CPU = Debug|Any CPU
		Release|Any CPU = Release|Any CPU
	EndGlobalSection
	GlobalSection(ProjectConfigurationPlatforms) = postSolution
		{0D6B3576-5D44-4D93-B7A7-FD79DF5274AD}.Debug|Any CPU.ActiveCfg = Debug|Any CPU
		{0D6B3576-5D44-4D93-B7A7-FD79DF5274AD}.Debug|Any CPU.Build.0 = Debug|Any CPU
		{0D6B3576-5D44-4D93-B7A7-FD79DF5274AD}.Release|Any CPU.ActiveCfg = Release|Any CPU
		{0D6B3576-5D44-4D93-B7A7-FD79DF5274AD}.Release|Any CPU.Build.0 = Release|Any CPU
		{E1184339-014B-48E8-B864-7D6E24524165}.Debug|Any CPU.ActiveCfg = Debug|Any CPU
		{E1184339-014B-48E8-B864-7D6E24524165}.Debug|Any CPU.Build.0 = Debug|Any CPU
		{E1184339-014B-48E8-B864-7D6E24524165}.Release|Any CPU.ActiveCfg = Release|Any CPU
		{E1184339-014B-48E8-B864-7D6E24524165}.Release|Any CPU.Build.0 = Release|Any CPU
		{AE45AD68-7665-429C-AAA5-A72C4EC3F50E}.Debug|Any CPU.ActiveCfg = Debug|Any CPU
		{AE45AD68-7665-429C-AAA5-A72C4EC3F50E}.Debug|Any CPU.Build.0 = Debug|Any CPU
		{AE45AD68-7665-429C-AAA5-A72C4EC3F50E}.Release|Any CPU.ActiveCfg = Release|Any CPU
		{AE45AD68-7665-429C-AAA5-A72C4EC3F50E}.Release|Any CPU.Build.0 = Release|Any CPU
		{84389546-625F-41F7-9C3F-89C77FF8A018}.Debug|Any CPU.ActiveCfg = Debug|Any CPU
		{84389546-625F-41F7-9C3F-89C77FF8A018}.Debug|Any CPU.Build.0 = Debug|Any CPU
		{84389546-625F-41F7-9C3F-89C77FF8A018}.Release|Any CPU.ActiveCfg = Release|Any CPU
		{84389546-625F-41F7-9C3F-89C77FF8A018}.Release|Any CPU.Build.0 = Release|Any CPU
		{86DE07F1-C871-49D2-9F53-02B1E6AE2821}.Debug|Any CPU.ActiveCfg = Debug|Any CPU
		{86DE07F1-C871-49D2-9F53-02B1E6AE2821}.Debug|Any CPU.Build.0 = Debug|Any CPU
		{86DE07F1-C871-49D2-9F53-02B1E6AE2821}.Release|Any CPU.ActiveCfg = Release|Any CPU
		{86DE07F1-C871-49D2-9F53-02B1E6AE2821}.Release|Any CPU.Build.0 = Release|Any CPU
	EndGlobalSection
	GlobalSection(SolutionProperties) = preSolution
		HideSolutionNode = FALSE
	EndGlobalSection
	GlobalSection(ExtensibilityGlobals) = postSolution
		SolutionGuid = {C8257D15-862D-487C-8B64-4651A5158226}
	EndGlobalSection
EndGlobal
